{
  "name": "ye-ol-site",
  "lockfileVersion": 3,
  "requires": true,
  "packages": {
    "": {
      "dependencies": {
        "@stefanjudis/sparkly-text": "^1.1.2"
      }
    },
    "node_modules/@stefanjudis/sparkly-text": {
      "version": "1.1.2",
      "resolved": "https://registry.npmjs.org/@stefanjudis/sparkly-text/-/sparkly-text-1.1.2.tgz",
      "integrity": "sha512-2TFUbs9IBP4f348AmtMMQwWV/CJdL1nb7B1hVvVvaD5KgFyUrVyO6kl7/I+hdVuSHXXNQXJfZm1oD+2f/YA9pA==",
      "license": "MIT"
    }
  }
}
